
Microsoft Visual Studio Solution File, Format Version 12.00
# Visual Studio Version 16
VisualStudioVersion = 16.0.29311.281
MinimumVisualStudioVersion = 10.0.40219.1
Project("{FAE04EC0-301F-11D3-BF4B-00C04F79EFBC}") = "OrderSoftware9000", "OrderSoftware9000\OrderSoftware9000.csproj", "{9795741E-0EF5-4722-9136-6351AC394581}"
EndProject
Global
	GlobalSection(SolutionConfigurationPlatforms) = preSolution
		Debug|Any CPU = Debug|Any CPU
		Release|Any CPU = Release|Any CPU
	EndGlobalSection
	GlobalSection(ProjectConfigurationPlatforms) = postSolution
		{9795741E-0EF5-4722-9136-6351AC394581}.Debug|Any CPU.ActiveCfg = Debug|Any CPU
		{9795741E-0EF5-4722-9136-6351AC394581}.Debug|Any CPU.Build.0 = Debug|Any CPU
		{9795741E-0EF5-4722-9136-6351AC394581}.Release|Any CPU.ActiveCfg = Release|Any CPU
		{9795741E-0EF5-4722-9136-6351AC394581}.Release|Any CPU.Build.0 = Release|Any CPU
	EndGlobalSection
	GlobalSection(SolutionProperties) = preSolution
		HideSolutionNode = FALSE
	EndGlobalSection
	GlobalSection(ExtensibilityGlobals) = postSolution
		SolutionGuid = {FFF075FF-7390-4692-A543-B9C2A3CB9502}
	EndGlobalSection
EndGlobal
